
Microsoft Visual Studio Solution File, Format Version 12.00
# Visual Studio Version 17
VisualStudioVersion = 17.1.32210.238
MinimumVisualStudioVersion = 10.0.40219.1
Project("{FAE04EC0-301F-11D3-BF4B-00C04F79EFBC}") = "FoodStoreMinimalApi", "FoodStoreMinimalApi.csproj", "{4B5C8987-3A0B-4080-A60C-C5146FF35091}"
EndProject
Global
	GlobalSection(SolutionConfigurationPlatforms) = preSolution
		Debug|Any CPU = Debug|Any CPU
		Release|Any CPU = Release|Any CPU
	EndGlobalSection
	GlobalSection(ProjectConfigurationPlatforms) = postSolution
		{4B5C8987-3A0B-4080-A60C-C5146FF35091}.Debug|Any CPU.ActiveCfg = Debug|Any CPU
		{4B5C8987-3A0B-4080-A60C-C5146FF35091}.Debug|Any CPU.Build.0 = Debug|Any CPU
		{4B5C8987-3A0B-4080-A60C-C5146FF35091}.Release|Any CPU.ActiveCfg = Release|Any CPU
		{4B5C8987-3A0B-4080-A60C-C5146FF35091}.Release|Any CPU.Build.0 = Release|Any CPU
	EndGlobalSection
	GlobalSection(SolutionProperties) = preSolution
		HideSolutionNode = FALSE
	EndGlobalSection
	GlobalSection(ExtensibilityGlobals) = postSolution
		SolutionGuid = {8470E196-E20C-4A73-9E5A-EF2E24C58F08}
	EndGlobalSection
EndGlobal
